// !$*UTF8*$!
{
	archiveVersion = 1;
	classes = {
	};
	objectVersion = 52;
	objects = {

/* Begin PBXBuildFile section */
		A012F3FD2535A7F6005EA1E8 /* KubeConfig.swift in Sources */ = {isa = PBXBuildFile; fileRef = A012F3FC2535A7F6005EA1E8 /* KubeConfig.swift */; };
		A01446B9253596EA0048A781 /* Yams in Frameworks */ = {isa = PBXBuildFile; productRef = A01446B8253596EA0048A781 /* Yams */; };
		A020A83D25354EAE00817BD5 /* Service.swift in Sources */ = {isa = PBXBuildFile; fileRef = A020A83C25354EAE00817BD5 /* Service.swift */; };
		A020A83F2535529900817BD5 /* ServiceRow.swift in Sources */ = {isa = PBXBuildFile; fileRef = A020A83E2535529900817BD5 /* ServiceRow.swift */; };
		A020A841253554A800817BD5 /* ServiceList.swift in Sources */ = {isa = PBXBuildFile; fileRef = A020A840253554A800817BD5 /* ServiceList.swift */; };
		A020A8432535748000817BD5 /* Terminal.swift in Sources */ = {isa = PBXBuildFile; fileRef = A020A8422535748000817BD5 /* Terminal.swift */; };
		A05CE86A25242DAF00075FEC /* Pod.swift in Sources */ = {isa = PBXBuildFile; fileRef = A05CE86925242DAF00075FEC /* Pod.swift */; };
		A05CE86C2524320100075FEC /* PodRow.swift in Sources */ = {isa = PBXBuildFile; fileRef = A05CE86B2524320100075FEC /* PodRow.swift */; };
		A05CE86E25244C0C00075FEC /* PodList.swift in Sources */ = {isa = PBXBuildFile; fileRef = A05CE86D25244C0C00075FEC /* PodList.swift */; };
		A05CE87025244E6000075FEC /* ContentView.swift in Sources */ = {isa = PBXBuildFile; fileRef = A05CE86F25244E6000075FEC /* ContentView.swift */; };
		A061D61E252304C500345DC1 /* IdentityUtil.swift in Sources */ = {isa = PBXBuildFile; fileRef = A061D61D252304C500345DC1 /* IdentityUtil.swift */; };
		A061D62425230A2900345DC1 /* KNode.swift in Sources */ = {isa = PBXBuildFile; fileRef = A061D62325230A2900345DC1 /* KNode.swift */; };
		A061D62725230A6400345DC1 /* NodeRow.swift in Sources */ = {isa = PBXBuildFile; fileRef = A061D62625230A6400345DC1 /* NodeRow.swift */; };
		A061D629252316B900345DC1 /* NodeList.swift in Sources */ = {isa = PBXBuildFile; fileRef = A061D628252316B900345DC1 /* NodeList.swift */; };
		A061D62D252336BF00345DC1 /* ClientCertificateDelegate.swift in Sources */ = {isa = PBXBuildFile; fileRef = A061D62C252336BF00345DC1 /* ClientCertificateDelegate.swift */; };
		A077090725202B9D00FAC3CC /* AppDelegate.swift in Sources */ = {isa = PBXBuildFile; fileRef = A077090625202B9D00FAC3CC /* AppDelegate.swift */; };
		A077090B25202B9E00FAC3CC /* Assets.xcassets in Resources */ = {isa = PBXBuildFile; fileRef = A077090A25202B9E00FAC3CC /* Assets.xcassets */; };
		A077090E25202B9E00FAC3CC /* Preview Assets.xcassets in Resources */ = {isa = PBXBuildFile; fileRef = A077090D25202B9E00FAC3CC /* Preview Assets.xcassets */; };
		A077091125202B9E00FAC3CC /* Main.storyboard in Resources */ = {isa = PBXBuildFile; fileRef = A077090F25202B9E00FAC3CC /* Main.storyboard */; };
		A07DD9F725342A1200BA0F33 /* TabView.swift in Sources */ = {isa = PBXBuildFile; fileRef = A07DD9F625342A1200BA0F33 /* TabView.swift */; };
		A07DD9F925343F2200BA0F33 /* Deployment.swift in Sources */ = {isa = PBXBuildFile; fileRef = A07DD9F825343F2200BA0F33 /* Deployment.swift */; };
		A07DD9FB2534415C00BA0F33 /* DeployRow.swift in Sources */ = {isa = PBXBuildFile; fileRef = A07DD9FA2534415C00BA0F33 /* DeployRow.swift */; };
		A07DD9FD2534444500BA0F33 /* DeployList.swift in Sources */ = {isa = PBXBuildFile; fileRef = A07DD9FC2534444500BA0F33 /* DeployList.swift */; };
		A0CDCED525401B3600747208 /* CellData.swift in Sources */ = {isa = PBXBuildFile; fileRef = A0CDCED425401B3600747208 /* CellData.swift */; };
		A0CDCED82540271E00747208 /* RowView.swift in Sources */ = {isa = PBXBuildFile; fileRef = A0CDCED72540271E00747208 /* RowView.swift */; };
		A0CDCEDB2540282800747208 /* ListView.swift in Sources */ = {isa = PBXBuildFile; fileRef = A0CDCEDA2540282800747208 /* ListView.swift */; };
		A0F18CD52539832000905BD4 /* ButtonView.swift in Sources */ = {isa = PBXBuildFile; fileRef = A0F18CD42539832000905BD4 /* ButtonView.swift */; };
		A0FAD6A625319095003CB26F /* Style.swift in Sources */ = {isa = PBXBuildFile; fileRef = A0FAD6A525319095003CB26F /* Style.swift */; };
		A0FAD6A82531A556003CB26F /* Filter.swift in Sources */ = {isa = PBXBuildFile; fileRef = A0FAD6A72531A556003CB26F /* Filter.swift */; };
		A0FAD6AA2531BAB8003CB26F /* UserData.swift in Sources */ = {isa = PBXBuildFile; fileRef = A0FAD6A92531BAB8003CB26F /* UserData.swift */; };
		A0FBE610253DE0CA0043C7E7 /* RestService.swift in Sources */ = {isa = PBXBuildFile; fileRef = A0FBE60F253DE0CA0043C7E7 /* RestService.swift */; };
		A0FBE614253DEE760043C7E7 /* HoverAwareView in Frameworks */ = {isa = PBXBuildFile; productRef = A0FBE613253DEE760043C7E7 /* HoverAwareView */; };
/* End PBXBuildFile section */

/* Begin PBXFileReference section */
		A012F3FC2535A7F6005EA1E8 /* KubeConfig.swift */ = {isa = PBXFileReference; lastKnownFileType = sourcecode.swift; path = KubeConfig.swift; sourceTree = "<group>"; };
		A020A83C25354EAE00817BD5 /* Service.swift */ = {isa = PBXFileReference; lastKnownFileType = sourcecode.swift; path = Service.swift; sourceTree = "<group>"; };
		A020A83E2535529900817BD5 /* ServiceRow.swift */ = {isa = PBXFileReference; lastKnownFileType = sourcecode.swift; path = ServiceRow.swift; sourceTree = "<group>"; };
		A020A840253554A800817BD5 /* ServiceList.swift */ = {isa = PBXFileReference; lastKnownFileType = sourcecode.swift; path = ServiceList.swift; sourceTree = "<group>"; };
		A020A8422535748000817BD5 /* Terminal.swift */ = {isa = PBXFileReference; lastKnownFileType = sourcecode.swift; path = Terminal.swift; sourceTree = "<group>"; };
		A05CE86925242DAF00075FEC /* Pod.swift */ = {isa = PBXFileReference; lastKnownFileType = sourcecode.swift; path = Pod.swift; sourceTree = "<group>"; };
		A05CE86B2524320100075FEC /* PodRow.swift */ = {isa = PBXFileReference; lastKnownFileType = sourcecode.swift; path = PodRow.swift; sourceTree = "<group>"; };
		A05CE86D25244C0C00075FEC /* PodList.swift */ = {isa = PBXFileReference; lastKnownFileType = sourcecode.swift; path = PodList.swift; sourceTree = "<group>"; };
		A05CE86F25244E6000075FEC /* ContentView.swift */ = {isa = PBXFileReference; lastKnownFileType = sourcecode.swift; path = ContentView.swift; sourceTree = "<group>"; };
		A061D61D252304C500345DC1 /* IdentityUtil.swift */ = {isa = PBXFileReference; lastKnownFileType = sourcecode.swift; path = IdentityUtil.swift; sourceTree = "<group>"; };
		A061D62325230A2900345DC1 /* KNode.swift */ = {isa = PBXFileReference; lastKnownFileType = sourcecode.swift; path = KNode.swift; sourceTree = "<group>"; };
		A061D62625230A6400345DC1 /* NodeRow.swift */ = {isa = PBXFileReference; lastKnownFileType = sourcecode.swift; path = NodeRow.swift; sourceTree = "<group>"; };
		A061D628252316B900345DC1 /* NodeList.swift */ = {isa = PBXFileReference; lastKnownFileType = sourcecode.swift; path = NodeList.swift; sourceTree = "<group>"; };
		A061D62C252336BF00345DC1 /* ClientCertificateDelegate.swift */ = {isa = PBXFileReference; lastKnownFileType = sourcecode.swift; path = ClientCertificateDelegate.swift; sourceTree = "<group>"; };
		A077090325202B9D00FAC3CC /* Easy Kube.app */ = {isa = PBXFileReference; explicitFileType = wrapper.application; includeInIndex = 0; path = "Easy Kube.app"; sourceTree = BUILT_PRODUCTS_DIR; };
		A077090625202B9D00FAC3CC /* AppDelegate.swift */ = {isa = PBXFileReference; lastKnownFileType = sourcecode.swift; path = AppDelegate.swift; sourceTree = "<group>"; };
		A077090A25202B9E00FAC3CC /* Assets.xcassets */ = {isa = PBXFileReference; lastKnownFileType = folder.assetcatalog; path = Assets.xcassets; sourceTree = "<group>"; };
		A077090D25202B9E00FAC3CC /* Preview Assets.xcassets */ = {isa = PBXFileReference; lastKnownFileType = folder.assetcatalog; path = "Preview Assets.xcassets"; sourceTree = "<group>"; };
		A077091025202B9E00FAC3CC /* Base */ = {isa = PBXFileReference; lastKnownFileType = file.storyboard; name = Base; path = Base.lproj/Main.storyboard; sourceTree = "<group>"; };
		A077091225202B9E00FAC3CC /* Info.plist */ = {isa = PBXFileReference; lastKnownFileType = text.plist.xml; path = Info.plist; sourceTree = "<group>"; };
		A077091325202B9E00FAC3CC /* Easy_Kube.entitlements */ = {isa = PBXFileReference; lastKnownFileType = text.plist.entitlements; path = Easy_Kube.entitlements; sourceTree = "<group>"; };
		A07DD9F625342A1200BA0F33 /* TabView.swift */ = {isa = PBXFileReference; lastKnownFileType = sourcecode.swift; path = TabView.swift; sourceTree = "<group>"; };
		A07DD9F825343F2200BA0F33 /* Deployment.swift */ = {isa = PBXFileReference; lastKnownFileType = sourcecode.swift; path = Deployment.swift; sourceTree = "<group>"; };
		A07DD9FA2534415C00BA0F33 /* DeployRow.swift */ = {isa = PBXFileReference; lastKnownFileType = sourcecode.swift; path = DeployRow.swift; sourceTree = "<group>"; };
		A07DD9FC2534444500BA0F33 /* DeployList.swift */ = {isa = PBXFileReference; lastKnownFileType = sourcecode.swift; path = DeployList.swift; sourceTree = "<group>"; };
		A0CDCED425401B3600747208 /* CellData.swift */ = {isa = PBXFileReference; lastKnownFileType = sourcecode.swift; path = CellData.swift; sourceTree = "<group>"; };
		A0CDCED72540271E00747208 /* RowView.swift */ = {isa = PBXFileReference; lastKnownFileType = sourcecode.swift; path = RowView.swift; sourceTree = "<group>"; };
		A0CDCEDA2540282800747208 /* ListView.swift */ = {isa = PBXFileReference; lastKnownFileType = sourcecode.swift; path = ListView.swift; sourceTree = "<group>"; };
		A0F18CD42539832000905BD4 /* ButtonView.swift */ = {isa = PBXFileReference; lastKnownFileType = sourcecode.swift; path = ButtonView.swift; sourceTree = "<group>"; };
		A0FAD6A525319095003CB26F /* Style.swift */ = {isa = PBXFileReference; lastKnownFileType = sourcecode.swift; path = Style.swift; sourceTree = "<group>"; };
		A0FAD6A72531A556003CB26F /* Filter.swift */ = {isa = PBXFileReference; lastKnownFileType = sourcecode.swift; path = Filter.swift; sourceTree = "<group>"; };
		A0FAD6A92531BAB8003CB26F /* UserData.swift */ = {isa = PBXFileReference; lastKnownFileType = sourcecode.swift; path = UserData.swift; sourceTree = "<group>"; };
		A0FBE60F253DE0CA0043C7E7 /* RestService.swift */ = {isa = PBXFileReference; lastKnownFileType = sourcecode.swift; path = RestService.swift; sourceTree = "<group>"; };
/* End PBXFileReference section */

/* Begin PBXFrameworksBuildPhase section */
		A077090025202B9D00FAC3CC /* Frameworks */ = {
			isa = PBXFrameworksBuildPhase;
			buildActionMask = 2147483647;
			files = (
				A01446B9253596EA0048A781 /* Yams in Frameworks */,
				A0FBE614253DEE760043C7E7 /* HoverAwareView in Frameworks */,
			);
			runOnlyForDeploymentPostprocessing = 0;
		};
/* End PBXFrameworksBuildPhase section */

/* Begin PBXGroup section */
		A061D61F252305A200345DC1 /* Data */ = {
			isa = PBXGroup;
			children = (
				A061D61D252304C500345DC1 /* IdentityUtil.swift */,
				A061D62C252336BF00345DC1 /* ClientCertificateDelegate.swift */,
				A020A8422535748000817BD5 /* Terminal.swift */,
				A0FBE60F253DE0CA0043C7E7 /* RestService.swift */,
			);
			path = Data;
			sourceTree = "<group>";
		};
		A061D62225230A1300345DC1 /* Model */ = {
			isa = PBXGroup;
			children = (
				A061D62325230A2900345DC1 /* KNode.swift */,
				A05CE86925242DAF00075FEC /* Pod.swift */,
				A0FAD6A92531BAB8003CB26F /* UserData.swift */,
				A07DD9F825343F2200BA0F33 /* Deployment.swift */,
				A020A83C25354EAE00817BD5 /* Service.swift */,
				A012F3FC2535A7F6005EA1E8 /* KubeConfig.swift */,
				A0CDCED425401B3600747208 /* CellData.swift */,
			);
			path = Model;
			sourceTree = "<group>";
		};
		A061D62525230A4800345DC1 /* View */ = {
			isa = PBXGroup;
			children = (
				A0CDCEDD2540911D00747208 /* trash */,
				A05CE86F25244E6000075FEC /* ContentView.swift */,
				A07DD9F625342A1200BA0F33 /* TabView.swift */,
				A0F18CD42539832000905BD4 /* ButtonView.swift */,
				A0FAD6A525319095003CB26F /* Style.swift */,
				A0FAD6A72531A556003CB26F /* Filter.swift */,
				A0CDCED72540271E00747208 /* RowView.swift */,
				A0CDCEDA2540282800747208 /* ListView.swift */,
			);
			path = View;
			sourceTree = "<group>";
		};
		A07708FA25202B9D00FAC3CC = {
			isa = PBXGroup;
			children = (
				A077090525202B9D00FAC3CC /* Easy Kube */,
				A077090425202B9D00FAC3CC /* Products */,
			);
			sourceTree = "<group>";
		};
		A077090425202B9D00FAC3CC /* Products */ = {
			isa = PBXGroup;
			children = (
				A077090325202B9D00FAC3CC /* Easy Kube.app */,
			);
			name = Products;
			sourceTree = "<group>";
		};
		A077090525202B9D00FAC3CC /* Easy Kube */ = {
			isa = PBXGroup;
			children = (
				A061D62525230A4800345DC1 /* View */,
				A061D62225230A1300345DC1 /* Model */,
				A061D61F252305A200345DC1 /* Data */,
				A077090625202B9D00FAC3CC /* AppDelegate.swift */,
				A077090A25202B9E00FAC3CC /* Assets.xcassets */,
				A077090F25202B9E00FAC3CC /* Main.storyboard */,
				A077091225202B9E00FAC3CC /* Info.plist */,
				A077091325202B9E00FAC3CC /* Easy_Kube.entitlements */,
				A077090C25202B9E00FAC3CC /* Preview Content */,
			);
			path = "Easy Kube";
			sourceTree = "<group>";
		};
		A077090C25202B9E00FAC3CC /* Preview Content */ = {
			isa = PBXGroup;
			children = (
				A077090D25202B9E00FAC3CC /* Preview Assets.xcassets */,
			);
			path = "Preview Content";
			sourceTree = "<group>";
		};
		A0CDCEDD2540911D00747208 /* trash */ = {
			isa = PBXGroup;
			children = (
				A061D62625230A6400345DC1 /* NodeRow.swift */,
				A061D628252316B900345DC1 /* NodeList.swift */,
				A05CE86B2524320100075FEC /* PodRow.swift */,
				A05CE86D25244C0C00075FEC /* PodList.swift */,
				A07DD9FA2534415C00BA0F33 /* DeployRow.swift */,
				A07DD9FC2534444500BA0F33 /* DeployList.swift */,
				A020A83E2535529900817BD5 /* ServiceRow.swift */,
				A020A840253554A800817BD5 /* ServiceList.swift */,
			);
			path = trash;
			sourceTree = "<group>";
		};
/* End PBXGroup section */

/* Begin PBXNativeTarget section */
		A077090225202B9D00FAC3CC /* Easy Kube */ = {
			isa = PBXNativeTarget;
			buildConfigurationList = A077091625202B9E00FAC3CC /* Build configuration list for PBXNativeTarget "Easy Kube" */;
			buildPhases = (
				A07708FF25202B9D00FAC3CC /* Sources */,
				A077090025202B9D00FAC3CC /* Frameworks */,
				A077090125202B9D00FAC3CC /* Resources */,
			);
			buildRules = (
			);
			dependencies = (
			);
			name = "Easy Kube";
			packageProductDependencies = (
				A01446B8253596EA0048A781 /* Yams */,
				A0FBE613253DEE760043C7E7 /* HoverAwareView */,
			);
			productName = "Easy Kube";
			productReference = A077090325202B9D00FAC3CC /* Easy Kube.app */;
			productType = "com.apple.product-type.application";
		};
/* End PBXNativeTarget section */

/* Begin PBXProject section */
		A07708FB25202B9D00FAC3CC /* Project object */ = {
			isa = PBXProject;
			attributes = {
				LastSwiftUpdateCheck = 1160;
				LastUpgradeCheck = 1200;
				ORGANIZATIONNAME = codewjy;
				TargetAttributes = {
					A077090225202B9D00FAC3CC = {
						CreatedOnToolsVersion = 11.6;
					};
				};
			};
			buildConfigurationList = A07708FE25202B9D00FAC3CC /* Build configuration list for PBXProject "Easy Kube" */;
			compatibilityVersion = "Xcode 9.3";
			developmentRegion = en;
			hasScannedForEncodings = 0;
			knownRegions = (
				en,
				Base,
			);
			mainGroup = A07708FA25202B9D00FAC3CC;
			packageReferences = (
				A01446B7253596EA0048A781 /* XCRemoteSwiftPackageReference "Yams" */,
				A0FBE612253DEE760043C7E7 /* XCRemoteSwiftPackageReference "HoverAwareView" */,
			);
			productRefGroup = A077090425202B9D00FAC3CC /* Products */;
			projectDirPath = "";
			projectRoot = "";
			targets = (
				A077090225202B9D00FAC3CC /* Easy Kube */,
			);
		};
/* End PBXProject section */

/* Begin PBXResourcesBuildPhase section */
		A077090125202B9D00FAC3CC /* Resources */ = {
			isa = PBXResourcesBuildPhase;
			buildActionMask = 2147483647;
			files = (
				A077091125202B9E00FAC3CC /* Main.storyboard in Resources */,
				A077090E25202B9E00FAC3CC /* Preview Assets.xcassets in Resources */,
				A077090B25202B9E00FAC3CC /* Assets.xcassets in Resources */,
			);
			runOnlyForDeploymentPostprocessing = 0;
		};
/* End PBXResourcesBuildPhase section */

/* Begin PBXSourcesBuildPhase section */
		A07708FF25202B9D00FAC3CC /* Sources */ = {
			isa = PBXSourcesBuildPhase;
			buildActionMask = 2147483647;
			files = (
				A012F3FD2535A7F6005EA1E8 /* KubeConfig.swift in Sources */,
				A061D62725230A6400345DC1 /* NodeRow.swift in Sources */,
				A0FBE610253DE0CA0043C7E7 /* RestService.swift in Sources */,
				A061D61E252304C500345DC1 /* IdentityUtil.swift in Sources */,
				A0FAD6AA2531BAB8003CB26F /* UserData.swift in Sources */,
				A061D62D252336BF00345DC1 /* ClientCertificateDelegate.swift in Sources */,
				A020A841253554A800817BD5 /* ServiceList.swift in Sources */,
				A020A83F2535529900817BD5 /* ServiceRow.swift in Sources */,
				A0F18CD52539832000905BD4 /* ButtonView.swift in Sources */,
				A07DD9FB2534415C00BA0F33 /* DeployRow.swift in Sources */,
				A05CE87025244E6000075FEC /* ContentView.swift in Sources */,
				A020A83D25354EAE00817BD5 /* Service.swift in Sources */,
				A07DD9F925343F2200BA0F33 /* Deployment.swift in Sources */,
				A0FAD6A625319095003CB26F /* Style.swift in Sources */,
				A0FAD6A82531A556003CB26F /* Filter.swift in Sources */,
				A0CDCED525401B3600747208 /* CellData.swift in Sources */,
				A077090725202B9D00FAC3CC /* AppDelegate.swift in Sources */,
				A07DD9F725342A1200BA0F33 /* TabView.swift in Sources */,
				A07DD9FD2534444500BA0F33 /* DeployList.swift in Sources */,
				A05CE86E25244C0C00075FEC /* PodList.swift in Sources */,
				A05CE86C2524320100075FEC /* PodRow.swift in Sources */,
				A0CDCED82540271E00747208 /* RowView.swift in Sources */,
				A061D62425230A2900345DC1 /* KNode.swift in Sources */,
				A0CDCEDB2540282800747208 /* ListView.swift in Sources */,
				A020A8432535748000817BD5 /* Terminal.swift in Sources */,
				A061D629252316B900345DC1 /* NodeList.swift in Sources */,
				A05CE86A25242DAF00075FEC /* Pod.swift in Sources */,
			);
			runOnlyForDeploymentPostprocessing = 0;
		};
/* End PBXSourcesBuildPhase section */

/* Begin PBXVariantGroup section */
		A077090F25202B9E00FAC3CC /* Main.storyboard */ = {
			isa = PBXVariantGroup;
			children = (
				A077091025202B9E00FAC3CC /* Base */,
			);
			name = Main.storyboard;
			sourceTree = "<group>";
		};
/* End PBXVariantGroup section */

/* Begin XCBuildConfiguration section */
		A077091425202B9E00FAC3CC /* Debug */ = {
			isa = XCBuildConfiguration;
			buildSettings = {
				ALWAYS_SEARCH_USER_PATHS = NO;
				CLANG_ANALYZER_NONNULL = YES;
				CLANG_ANALYZER_NUMBER_OBJECT_CONVERSION = YES_AGGRESSIVE;
				CLANG_CXX_LANGUAGE_STANDARD = "gnu++14";
				CLANG_CXX_LIBRARY = "libc++";
				CLANG_ENABLE_MODULES = YES;
				CLANG_ENABLE_OBJC_ARC = YES;
				CLANG_ENABLE_OBJC_WEAK = YES;
				CLANG_WARN_BLOCK_CAPTURE_AUTORELEASING = YES;
				CLANG_WARN_BOOL_CONVERSION = YES;
				CLANG_WARN_COMMA = YES;
				CLANG_WARN_CONSTANT_CONVERSION = YES;
				CLANG_WARN_DEPRECATED_OBJC_IMPLEMENTATIONS = YES;
				CLANG_WARN_DIRECT_OBJC_ISA_USAGE = YES_ERROR;
				CLANG_WARN_DOCUMENTATION_COMMENTS = YES;
				CLANG_WARN_EMPTY_BODY = YES;
				CLANG_WARN_ENUM_CONVERSION = YES;
				CLANG_WARN_INFINITE_RECURSION = YES;
				CLANG_WARN_INT_CONVERSION = YES;
				CLANG_WARN_NON_LITERAL_NULL_CONVERSION = YES;
				CLANG_WARN_OBJC_IMPLICIT_RETAIN_SELF = YES;
				CLANG_WARN_OBJC_LITERAL_CONVERSION = YES;
				CLANG_WARN_OBJC_ROOT_CLASS = YES_ERROR;
				CLANG_WARN_QUOTED_INCLUDE_IN_FRAMEWORK_HEADER = YES;
				CLANG_WARN_RANGE_LOOP_ANALYSIS = YES;
				CLANG_WARN_STRICT_PROTOTYPES = YES;
				CLANG_WARN_SUSPICIOUS_MOVE = YES;
				CLANG_WARN_UNGUARDED_AVAILABILITY = YES_AGGRESSIVE;
				CLANG_WARN_UNREACHABLE_CODE = YES;
				CLANG_WARN__DUPLICATE_METHOD_MATCH = YES;
				COPY_PHASE_STRIP = NO;
				DEBUG_INFORMATION_FORMAT = dwarf;
				ENABLE_STRICT_OBJC_MSGSEND = YES;
				ENABLE_TESTABILITY = YES;
				GCC_C_LANGUAGE_STANDARD = gnu11;
				GCC_DYNAMIC_NO_PIC = NO;
				GCC_NO_COMMON_BLOCKS = YES;
				GCC_OPTIMIZATION_LEVEL = 0;
				GCC_PREPROCESSOR_DEFINITIONS = (
					"DEBUG=1",
					"$(inherited)",
				);
				GCC_WARN_64_TO_32_BIT_CONVERSION = YES;
				GCC_WARN_ABOUT_RETURN_TYPE = YES_ERROR;
				GCC_WARN_UNDECLARED_SELECTOR = YES;
				GCC_WARN_UNINITIALIZED_AUTOS = YES_AGGRESSIVE;
				GCC_WARN_UNUSED_FUNCTION = YES;
				GCC_WARN_UNUSED_VARIABLE = YES;
				MACOSX_DEPLOYMENT_TARGET = 10.15;
				MTL_ENABLE_DEBUG_INFO = INCLUDE_SOURCE;
				MTL_FAST_MATH = YES;
				ONLY_ACTIVE_ARCH = YES;
				SDKROOT = macosx;
				SWIFT_ACTIVE_COMPILATION_CONDITIONS = DEBUG;
				SWIFT_OPTIMIZATION_LEVEL = "-Onone";
			};
			name = Debug;
		};
		A077091525202B9E00FAC3CC /* Release */ = {
			isa = XCBuildConfiguration;
			buildSettings = {
				ALWAYS_SEARCH_USER_PATHS = NO;
				CLANG_ANALYZER_NONNULL = YES;
				CLANG_ANALYZER_NUMBER_OBJECT_CONVERSION = YES_AGGRESSIVE;
				CLANG_CXX_LANGUAGE_STANDARD = "gnu++14";
				CLANG_CXX_LIBRARY = "libc++";
				CLANG_ENABLE_MODULES = YES;
				CLANG_ENABLE_OBJC_ARC = YES;
				CLANG_ENABLE_OBJC_WEAK = YES;
				CLANG_WARN_BLOCK_CAPTURE_AUTORELEASING = YES;
				CLANG_WARN_BOOL_CONVERSION = YES;
				CLANG_WARN_COMMA = YES;
				CLANG_WARN_CONSTANT_CONVERSION = YES;
				CLANG_WARN_DEPRECATED_OBJC_IMPLEMENTATIONS = YES;
				CLANG_WARN_DIRECT_OBJC_ISA_USAGE = YES_ERROR;
				CLANG_WARN_DOCUMENTATION_COMMENTS = YES;
				CLANG_WARN_EMPTY_BODY = YES;
				CLANG_WARN_ENUM_CONVERSION = YES;
				CLANG_WARN_INFINITE_RECURSION = YES;
				CLANG_WARN_INT_CONVERSION = YES;
				CLANG_WARN_NON_LITERAL_NULL_CONVERSION = YES;
				CLANG_WARN_OBJC_IMPLICIT_RETAIN_SELF = YES;
				CLANG_WARN_OBJC_LITERAL_CONVERSION = YES;
				CLANG_WARN_OBJC_ROOT_CLASS = YES_ERROR;
				CLANG_WARN_QUOTED_INCLUDE_IN_FRAMEWORK_HEADER = YES;
				CLANG_WARN_RANGE_LOOP_ANALYSIS = YES;
				CLANG_WARN_STRICT_PROTOTYPES = YES;
				CLANG_WARN_SUSPICIOUS_MOVE = YES;
				CLANG_WARN_UNGUARDED_AVAILABILITY = YES_AGGRESSIVE;
				CLANG_WARN_UNREACHABLE_CODE = YES;
				CLANG_WARN__DUPLICATE_METHOD_MATCH = YES;
				COPY_PHASE_STRIP = NO;
				DEBUG_INFORMATION_FORMAT = "dwarf-with-dsym";
				ENABLE_NS_ASSERTIONS = NO;
				ENABLE_STRICT_OBJC_MSGSEND = YES;
				GCC_C_LANGUAGE_STANDARD = gnu11;
				GCC_NO_COMMON_BLOCKS = YES;
				GCC_WARN_64_TO_32_BIT_CONVERSION = YES;
				GCC_WARN_ABOUT_RETURN_TYPE = YES_ERROR;
				GCC_WARN_UNDECLARED_SELECTOR = YES;
				GCC_WARN_UNINITIALIZED_AUTOS = YES_AGGRESSIVE;
				GCC_WARN_UNUSED_FUNCTION = YES;
				GCC_WARN_UNUSED_VARIABLE = YES;
				MACOSX_DEPLOYMENT_TARGET = 10.15;
				MTL_ENABLE_DEBUG_INFO = NO;
				MTL_FAST_MATH = YES;
				SDKROOT = macosx;
				SWIFT_COMPILATION_MODE = wholemodule;
				SWIFT_OPTIMIZATION_LEVEL = "-O";
			};
			name = Release;
		};
		A077091725202B9E00FAC3CC /* Debug */ = {
			isa = XCBuildConfiguration;
			buildSettings = {
				ASSETCATALOG_COMPILER_APPICON_NAME = AppIcon;
				CODE_SIGN_ENTITLEMENTS = "Easy Kube/Easy_Kube.entitlements";
				CODE_SIGN_IDENTITY = "Apple Development";
				CODE_SIGN_STYLE = Automatic;
				COMBINE_HIDPI_IMAGES = YES;
				DEVELOPMENT_ASSET_PATHS = "\"Easy Kube/Preview Content\"";
				DEVELOPMENT_TEAM = DZM5X6HZC9;
				ENABLE_HARDENED_RUNTIME = YES;
				ENABLE_PREVIEWS = YES;
				INFOPLIST_FILE = "Easy Kube/Info.plist";
				LD_RUNPATH_SEARCH_PATHS = (
					"$(inherited)",
					"@executable_path/../Frameworks",
				);
				MACOSX_DEPLOYMENT_TARGET = 10.15;
				PRODUCT_BUNDLE_IDENTIFIER = "com.wjy.Easy-Kube";
				PRODUCT_NAME = "$(TARGET_NAME)";
				SWIFT_VERSION = 5.0;
			};
			name = Debug;
		};
		A077091825202B9E00FAC3CC /* Release */ = {
			isa = XCBuildConfiguration;
			buildSettings = {
				ASSETCATALOG_COMPILER_APPICON_NAME = AppIcon;
				CODE_SIGN_ENTITLEMENTS = "Easy Kube/Easy_Kube.entitlements";
				CODE_SIGN_IDENTITY = "Apple Development";
				CODE_SIGN_STYLE = Automatic;
				COMBINE_HIDPI_IMAGES = YES;
				DEVELOPMENT_ASSET_PATHS = "\"Easy Kube/Preview Content\"";
				DEVELOPMENT_TEAM = DZM5X6HZC9;
				ENABLE_HARDENED_RUNTIME = YES;
				ENABLE_PREVIEWS = YES;
				INFOPLIST_FILE = "Easy Kube/Info.plist";
				LD_RUNPATH_SEARCH_PATHS = (
					"$(inherited)",
					"@executable_path/../Frameworks",
				);
				MACOSX_DEPLOYMENT_TARGET = 10.15;
				PRODUCT_BUNDLE_IDENTIFIER = "com.wjy.Easy-Kube";
				PRODUCT_NAME = "$(TARGET_NAME)";
				SWIFT_VERSION = 5.0;
			};
			name = Release;
		};
/* End XCBuildConfiguration section */

/* Begin XCConfigurationList section */
		A07708FE25202B9D00FAC3CC /* Build configuration list for PBXProject "Easy Kube" */ = {
			isa = XCConfigurationList;
			buildConfigurations = (
				A077091425202B9E00FAC3CC /* Debug */,
				A077091525202B9E00FAC3CC /* Release */,
			);
			defaultConfigurationIsVisible = 0;
			defaultConfigurationName = Release;
		};
		A077091625202B9E00FAC3CC /* Build configuration list for PBXNativeTarget "Easy Kube" */ = {
			isa = XCConfigurationList;
			buildConfigurations = (
				A077091725202B9E00FAC3CC /* Debug */,
				A077091825202B9E00FAC3CC /* Release */,
			);
			defaultConfigurationIsVisible = 0;
			defaultConfigurationName = Release;
		};
/* End XCConfigurationList section */

/* Begin XCRemoteSwiftPackageReference section */
		A01446B7253596EA0048A781 /* XCRemoteSwiftPackageReference "Yams" */ = {
			isa = XCRemoteSwiftPackageReference;
			repositoryURL = "https://github.com/jpsim/Yams.git";
			requirement = {
				kind = upToNextMajorVersion;
				minimumVersion = 4.0.0;
			};
		};
		A0FBE612253DEE760043C7E7 /* XCRemoteSwiftPackageReference "HoverAwareView" */ = {
			isa = XCRemoteSwiftPackageReference;
			repositoryURL = "https://github.com/aerobounce/HoverAwareView";
			requirement = {
				kind = upToNextMajorVersion;
				minimumVersion = 1.1.1;
			};
		};
/* End XCRemoteSwiftPackageReference section */

/* Begin XCSwiftPackageProductDependency section */
		A01446B8253596EA0048A781 /* Yams */ = {
			isa = XCSwiftPackageProductDependency;
			package = A01446B7253596EA0048A781 /* XCRemoteSwiftPackageReference "Yams" */;
			productName = Yams;
		};
		A0FBE613253DEE760043C7E7 /* HoverAwareView */ = {
			isa = XCSwiftPackageProductDependency;
			package = A0FBE612253DEE760043C7E7 /* XCRemoteSwiftPackageReference "HoverAwareView" */;
			productName = HoverAwareView;
		};
/* End XCSwiftPackageProductDependency section */
	};
	rootObject = A07708FB25202B9D00FAC3CC /* Project object */;
}
